
Microsoft Visual Studio Solution File, Format Version 12.00
# Visual Studio 15
VisualStudioVersion = 15.0.28010.2046
MinimumVisualStudioVersion = 10.0.40219.1
Project("{FAE04EC0-301F-11D3-BF4B-00C04F79EFBC}") = "MachineLearningWeb", "MachineLearningWeb\MachineLearningWeb.csproj", "{2C5FFF49-1461-4B76-B7C4-993FF86E4DD7}"
EndProject
Project("{888888A0-9F3D-457C-B088-3A5042F75D52}") = "TensorflowComputerVisionAPI", "TensorflowComputerVisionAPI\TensorflowComputerVisionAPI.pyproj", "{2514CF83-84E0-478A-B96E-CAF1B591959D}"
EndProject
Global
	GlobalSection(SolutionConfigurationPlatforms) = preSolution
		Debug|Any CPU = Debug|Any CPU
		Release|Any CPU = Release|Any CPU
	EndGlobalSection
	GlobalSection(ProjectConfigurationPlatforms) = postSolution
		{2C5FFF49-1461-4B76-B7C4-993FF86E4DD7}.Debug|Any CPU.ActiveCfg = Debug|Any CPU
		{2C5FFF49-1461-4B76-B7C4-993FF86E4DD7}.Debug|Any CPU.Build.0 = Debug|Any CPU
		{2C5FFF49-1461-4B76-B7C4-993FF86E4DD7}.Release|Any CPU.ActiveCfg = Release|Any CPU
		{2C5FFF49-1461-4B76-B7C4-993FF86E4DD7}.Release|Any CPU.Build.0 = Release|Any CPU
		{2514CF83-84E0-478A-B96E-CAF1B591959D}.Debug|Any CPU.ActiveCfg = Debug|Any CPU
		{2514CF83-84E0-478A-B96E-CAF1B591959D}.Debug|Any CPU.Build.0 = Debug|Any CPU
		{2514CF83-84E0-478A-B96E-CAF1B591959D}.Release|Any CPU.ActiveCfg = Release|Any CPU
		{2514CF83-84E0-478A-B96E-CAF1B591959D}.Release|Any CPU.Build.0 = Release|Any CPU
	EndGlobalSection
	GlobalSection(SolutionProperties) = preSolution
		HideSolutionNode = FALSE
	EndGlobalSection
	GlobalSection(ExtensibilityGlobals) = postSolution
		SolutionGuid = {A050A1C4-8400-450D-A169-9042143D9331}
	EndGlobalSection
EndGlobal
